
Microsoft Visual Studio Solution File, Format Version 12.00
# Visual Studio Version 17
VisualStudioVersion = 17.14.36429.23 d17.14
MinimumVisualStudioVersion = 10.0.40219.1
Project("{FAE04EC0-301F-11D3-BF4B-00C04F79EFBC}") = "Lemezkiado", "Lemezkiado\Lemezkiado.csproj", "{FF45D672-8F84-4D90-837A-53091B74A21D}"
EndProject
Global
	GlobalSection(SolutionConfigurationPlatforms) = preSolution
		Debug|Any CPU = Debug|Any CPU
		Release|Any CPU = Release|Any CPU
	EndGlobalSection
	GlobalSection(ProjectConfigurationPlatforms) = postSolution
		{FF45D672-8F84-4D90-837A-53091B74A21D}.Debug|Any CPU.ActiveCfg = Debug|Any CPU
		{FF45D672-8F84-4D90-837A-53091B74A21D}.Debug|Any CPU.Build.0 = Debug|Any CPU
		{FF45D672-8F84-4D90-837A-53091B74A21D}.Release|Any CPU.ActiveCfg = Release|Any CPU
		{FF45D672-8F84-4D90-837A-53091B74A21D}.Release|Any CPU.Build.0 = Release|Any CPU
	EndGlobalSection
	GlobalSection(SolutionProperties) = preSolution
		HideSolutionNode = FALSE
	EndGlobalSection
	GlobalSection(ExtensibilityGlobals) = postSolution
		SolutionGuid = {6ABC01DB-D488-4034-90CA-78E365845F48}
	EndGlobalSection
EndGlobal
